
Microsoft Visual Studio Solution File, Format Version 12.00
# Visual Studio 14
VisualStudioVersion = 14.0.25420.1
MinimumVisualStudioVersion = 10.0.40219.1
Project("{FAE04EC0-301F-11D3-BF4B-00C04F79EFBC}") = "DienMayQT", "DienMayQT\DienMayQT.csproj", "{DC80BF59-4642-40D2-BD44-D47881125E2D}"
EndProject
Project("{FAE04EC0-301F-11D3-BF4B-00C04F79EFBC}") = "DienMayQT_Test", "DienMayQT_Test\DienMayQT_Test.csproj", "{B50AF1A8-25B1-48DA-A3A6-3AA9612CC87E}"
EndProject
Global
	GlobalSection(SolutionConfigurationPlatforms) = preSolution
		Debug|Any CPU = Debug|Any CPU
		Release|Any CPU = Release|Any CPU
	EndGlobalSection
	GlobalSection(ProjectConfigurationPlatforms) = postSolution
		{DC80BF59-4642-40D2-BD44-D47881125E2D}.Debug|Any CPU.ActiveCfg = Debug|Any CPU
		{DC80BF59-4642-40D2-BD44-D47881125E2D}.Debug|Any CPU.Build.0 = Debug|Any CPU
		{DC80BF59-4642-40D2-BD44-D47881125E2D}.Release|Any CPU.ActiveCfg = Release|Any CPU
		{DC80BF59-4642-40D2-BD44-D47881125E2D}.Release|Any CPU.Build.0 = Release|Any CPU
		{B50AF1A8-25B1-48DA-A3A6-3AA9612CC87E}.Debug|Any CPU.ActiveCfg = Debug|Any CPU
		{B50AF1A8-25B1-48DA-A3A6-3AA9612CC87E}.Debug|Any CPU.Build.0 = Debug|Any CPU
		{B50AF1A8-25B1-48DA-A3A6-3AA9612CC87E}.Release|Any CPU.ActiveCfg = Release|Any CPU
		{B50AF1A8-25B1-48DA-A3A6-3AA9612CC87E}.Release|Any CPU.Build.0 = Release|Any CPU
	EndGlobalSection
	GlobalSection(SolutionProperties) = preSolution
		HideSolutionNode = FALSE
	EndGlobalSection
	GlobalSection(ExtensibilityGlobals) = postSolution
		SolutionGuid = {D05FBC1B-1D2E-495E-B3AA-48BF98D8A0B8}
	EndGlobalSection
EndGlobal
